github.com/MeztliRA/weekdays v0.2.0 h1:M7KN3f1BnKMnSalNnuuGaRAxEQZ5S8TYhDrYNw/PXlw=
github.com/MeztliRA/weekdays v0.2.0/go.mod h1:kE1X2tN9P4NK4MvMPBoHeO7ZJDVvvOJbMm0GnR1mEog=
github.com/MeztliRA/weekdays v0.3.0 h1:bycsKIn5abjFZ/rHn9zElzYLzkJ3GIyTyTDuo+HYuXE=
github.com/MeztliRA/weekdays v0.3.0/go.mod h1:kE1X2tN9P4NK4MvMPBoHeO7ZJDVvvOJbMm0GnR1mEog=
github.com/MeztliRA/weekdays v1.0.0 h1:xyypR3XlPFPe66kaa383st5zF56jcjrAIxeA0w9y1Tc=
github.com/MeztliRA/weekdays v1.0.0/go.mod h1:kE1X2tN9P4NK4MvMPBoHeO7ZJDVvvOJbMm0GnR1mEog=
